
Microsoft Visual Studio Solution File, Format Version 12.00
# Visual Studio 15
VisualStudioVersion = 15.0.27428.2037
MinimumVisualStudioVersion = 10.0.40219.1
Project("{FAE04EC0-301F-11D3-BF4B-00C04F79EFBC}") = "科目一模拟考试系统", "科目一模拟考试系统\科目一模拟考试系统.csproj", "{FA10E5FB-7E55-41F2-A92D-B83FDA0ABFED}"
EndProject
Global
	GlobalSection(SolutionConfigurationPlatforms) = preSolution
		Debug|Any CPU = Debug|Any CPU
		Release|Any CPU = Release|Any CPU
	EndGlobalSection
	GlobalSection(ProjectConfigurationPlatforms) = postSolution
		{FA10E5FB-7E55-41F2-A92D-B83FDA0ABFED}.Debug|Any CPU.ActiveCfg = Debug|Any CPU
		{FA10E5FB-7E55-41F2-A92D-B83FDA0ABFED}.Debug|Any CPU.Build.0 = Debug|Any CPU
		{FA10E5FB-7E55-41F2-A92D-B83FDA0ABFED}.Release|Any CPU.ActiveCfg = Release|Any CPU
		{FA10E5FB-7E55-41F2-A92D-B83FDA0ABFED}.Release|Any CPU.Build.0 = Release|Any CPU
	EndGlobalSection
	GlobalSection(SolutionProperties) = preSolution
		HideSolutionNode = FALSE
	EndGlobalSection
	GlobalSection(ExtensibilityGlobals) = postSolution
		SolutionGuid = {409D442C-98A1-42AD-861D-1566AB9FF417}
	EndGlobalSection
EndGlobal
